PODS:
  - Droar (1.4.1):
    - SDVersion
  - netfox (1.14.0)
  - netfox-Droar (1.1.7):
    - Droar
    - netfox
  - SDVersion (4.3.2)

DEPENDENCIES:
  - Droar
  - netfox
  - netfox-Droar (from `../`)

SPEC REPOS:
  https://github.com/cocoapods/specs.git:
    - Droar
    - netfox
    - SDVersion

EXTERNAL SOURCES:
  netfox-Droar:
    :path: "../"

SPEC CHECKSUMS:
  Droar: 15a821c6a5563a2244d004680e0a0c408da9ae5d
  netfox: 184c9c5dcb6d9ba3347641fe470341bee57f684c
  netfox-Droar: 1ab00371ea072da8dfbff94adf5a9f55288561c4
  SDVersion: 18f32c835c1543611fcfae3c6accd9a04b90597e

PODFILE CHECKSUM: 3a5b9acfc1c617a33eddd5fd8d1c67555465bd35

COCOAPODS: 1.5.3
